// !$*UTF8*$!
{
	archiveVersion = 1;
	classes = {
	};
	objectVersion = 56;
	objects = {

/* Begin PBXBuildFile section */
		001 /* OrangeReminderApp.swift in Sources */ = {isa = PBXBuildFile; fileRef = 002; };
		003 /* ReminderGroup.swift in Sources */ = {isa = PBXBuildFile; fileRef = 004; };
		005 /* ReminderGroupManager.swift in Sources */ = {isa = PBXBuildFile; fileRef = 006; };
		007 /* AppWhitelistManager.swift in Sources */ = {isa = PBXBuildFile; fileRef = 008; };
		009 /* EnhancedScreenTimeTracker.swift in Sources */ = {isa = PBXBuildFile; fileRef = 010; };
		011 /* NotificationManager.swift in Sources */ = {isa = PBXBuildFile; fileRef = 012; };
		013 /* iCloudSyncManager.swift in Sources */ = {isa = PBXBuildFile; fileRef = 014; };
		015 /* ScreenTimeTracker.swift in Sources */ = {isa = PBXBuildFile; fileRef = 016; };
		017 /* MainTabView.swift in Sources */ = {isa = PBXBuildFile; fileRef = 018; };
		019 /* CurrentReminderView.swift in Sources */ = {isa = PBXBuildFile; fileRef = 020; };
		021 /* ReminderGroupsView.swift in Sources */ = {isa = PBXBuildFile; fileRef = 022; };
		023 /* GroupEditView.swift in Sources */ = {isa = PBXBuildFile; fileRef = 024; };
		025 /* EnhancedSettingsView.swift in Sources */ = {isa = PBXBuildFile; fileRef = 026; };
		027 /* WhitelistManagerView.swift in Sources */ = {isa = PBXBuildFile; fileRef = 028; };
		029 /* InAppAlertView.swift in Sources */ = {isa = PBXBuildFile; fileRef = 030; };
		031 /* ContentView.swift in Sources */ = {isa = PBXBuildFile; fileRef = 032; };
		033 /* SettingsView.swift in Sources */ = {isa = PBXBuildFile; fileRef = 034; };
		035 /* Assets.xcassets in Resources */ = {isa = PBXBuildFile; fileRef = 036; };
		037 /* OrangeReminderWidget.swift in Sources */ = {isa = PBXBuildFile; fileRef = 038; };
		039 /* WidgetKit.framework in Frameworks */ = {isa = PBXBuildFile; fileRef = 040; };
		041 /* SwiftUI.framework in Frameworks */ = {isa = PBXBuildFile; fileRef = 042; };
/* End PBXBuildFile section */

/* Begin PBXFileReference section */
		001 /* OrangeReminder.app */ = {isa = PBXFileReference; explicitFileType = wrapper.application; includeInIndex = 0; path = OrangeReminder.app; sourceTree = BUILT_PRODUCTS_DIR; };
		002 /* OrangeReminderApp.swift */ = {isa = PBXFileReference; lastKnownFileType = sourcecode.swift; path = OrangeReminderApp.swift; sourceTree = "<group>"; };
		004 /* ReminderGroup.swift */ = {isa = PBXFileReference; lastKnownFileType = sourcecode.swift; path = ReminderGroup.swift; sourceTree = "<group>"; };
		006 /* ReminderGroupManager.swift */ = {isa = PBXFileReference; lastKnownFileType = sourcecode.swift; path = ReminderGroupManager.swift; sourceTree = "<group>"; };
		008 /* AppWhitelistManager.swift */ = {isa = PBXFileReference; lastKnownFileType = sourcecode.swift; path = AppWhitelistManager.swift; sourceTree = "<group>"; };
		010 /* EnhancedScreenTimeTracker.swift */ = {isa = PBXFileReference; lastKnownFileType = sourcecode.swift; path = EnhancedScreenTimeTracker.swift; sourceTree = "<group>"; };
		012 /* NotificationManager.swift */ = {isa = PBXFileReference; lastKnownFileType = sourcecode.swift; path = NotificationManager.swift; sourceTree = "<group>"; };
		014 /* iCloudSyncManager.swift */ = {isa = PBXFileReference; lastKnownFileType = sourcecode.swift; path = iCloudSyncManager.swift; sourceTree = "<group>"; };
		016 /* ScreenTimeTracker.swift */ = {isa = PBXFileReference; lastKnownFileType = sourcecode.swift; path = ScreenTimeTracker.swift; sourceTree = "<group>"; };
		018 /* MainTabView.swift */ = {isa = PBXFileReference; lastKnownFileType = sourcecode.swift; path = MainTabView.swift; sourceTree = "<group>"; };
		020 /* CurrentReminderView.swift */ = {isa = PBXFileReference; lastKnownFileType = sourcecode.swift; path = CurrentReminderView.swift; sourceTree = "<group>"; };
		022 /* ReminderGroupsView.swift */ = {isa = PBXFileReference; lastKnownFileType = sourcecode.swift; path = ReminderGroupsView.swift; sourceTree = "<group>"; };
		024 /* GroupEditView.swift */ = {isa = PBXFileReference; lastKnownFileType = sourcecode.swift; path = GroupEditView.swift; sourceTree = "<group>"; };
		026 /* EnhancedSettingsView.swift */ = {isa = PBXFileReference; lastKnownFileType = sourcecode.swift; path = EnhancedSettingsView.swift; sourceTree = "<group>"; };
		028 /* WhitelistManagerView.swift */ = {isa = PBXFileReference; lastKnownFileType = sourcecode.swift; path = WhitelistManagerView.swift; sourceTree = "<group>"; };
		030 /* InAppAlertView.swift */ = {isa = PBXFileReference; lastKnownFileType = sourcecode.swift; path = InAppAlertView.swift; sourceTree = "<group>"; };
		032 /* ContentView.swift */ = {isa = PBXFileReference; lastKnownFileType = sourcecode.swift; path = ContentView.swift; sourceTree = "<group>"; };
		034 /* SettingsView.swift */ = {isa = PBXFileReference; lastKnownFileType = sourcecode.swift; path = SettingsView.swift; sourceTree = "<group>"; };
		036 /* Assets.xcassets */ = {isa = PBXFileReference; lastKnownFileType = folder.assetcatalog; path = Assets.xcassets; sourceTree = "<group>"; };
		038 /* OrangeReminderWidget.swift */ = {isa = PBXFileReference; lastKnownFileType = sourcecode.swift; path = OrangeReminderWidget.swift; sourceTree = "<group>"; };
		040 /* WidgetKit.framework */ = {isa = PBXFileReference; lastKnownFileType = wrapper.framework; name = WidgetKit.framework; path = System/Library/Frameworks/WidgetKit.framework; sourceTree = SDKROOT; };
		042 /* SwiftUI.framework */ = {isa = PBXFileReference; lastKnownFileType = wrapper.framework; name = SwiftUI.framework; path = System/Library/Frameworks/SwiftUI.framework; sourceTree = SDKROOT; };
		044 /* Info.plist */ = {isa = PBXFileReference; lastKnownFileType = text.plist.xml; path = Info.plist; sourceTree = "<group>"; };
		045 /* OrangeReminderWidget.appex */ = {isa = PBXFileReference; explicitFileType = "wrapper.app-extension"; includeInIndex = 0; path = OrangeReminderWidget.appex; sourceTree = BUILT_PRODUCTS_DIR; };
		046 /* Widget-Info.plist */ = {isa = PBXFileReference; lastKnownFileType = text.plist.xml; path = "Widget-Info.plist"; sourceTree = "<group>"; };
		047 /* OrangeReminder.entitlements */ = {isa = PBXFileReference; lastKnownFileType = text.plist.entitlements; path = OrangeReminder.entitlements; sourceTree = "<group>"; };
		048 /* WidgetExtension.entitlements */ = {isa = PBXFileReference; lastKnownFileType = text.plist.entitlements; path = WidgetExtension.entitlements; sourceTree = "<group>"; };
/* End PBXFileReference section */

/* Begin PBXFrameworksBuildPhase section */
		050 /* Frameworks */ = {
			isa = PBXFrameworksBuildPhase;
			buildActionMask = 2147483647;
			files = (
			);
			runOnlyForDeploymentPostprocessing = 0;
		};
		051 /* Frameworks */ = {
			isa = PBXFrameworksBuildPhase;
			buildActionMask = 2147483647;
			files = (
				039 /* WidgetKit.framework in Frameworks */,
				041 /* SwiftUI.framework in Frameworks */,
			);
			runOnlyForDeploymentPostprocessing = 0;
		};
/* End PBXFrameworksBuildPhase section */

/* Begin PBXGroup section */
		100 = {
			isa = PBXGroup;
			children = (
				101 /* OrangeReminder */,
				102 /* Widget */,
				103 /* Products */,
				104 /* Frameworks */,
			);
			sourceTree = "<group>";
		};
		101 /* OrangeReminder */ = {
			isa = PBXGroup;
			children = (
				002 /* OrangeReminderApp.swift */,
				105 /* Models */,
				106 /* Views */,
				036 /* Assets.xcassets */,
				044 /* Info.plist */,
				047 /* OrangeReminder.entitlements */,
			);
			path = OrangeReminder;
			sourceTree = "<group>";
		};
		102 /* Widget */ = {
			isa = PBXGroup;
			children = (
				038 /* OrangeReminderWidget.swift */,
				046 /* Widget-Info.plist */,
				048 /* WidgetExtension.entitlements */,
			);
			path = Widget;
			sourceTree = "<group>";
		};
		103 /* Products */ = {
			isa = PBXGroup;
			children = (
				001 /* OrangeReminder.app */,
				045 /* OrangeReminderWidget.appex */,
			);
			name = Products;
			sourceTree = "<group>";
		};
		104 /* Frameworks */ = {
			isa = PBXGroup;
			children = (
				040 /* WidgetKit.framework */,
				042 /* SwiftUI.framework */,
			);
			name = Frameworks;
			sourceTree = "<group>";
		};
		105 /* Models */ = {
			isa = PBXGroup;
			children = (
				004 /* ReminderGroup.swift */,
				006 /* ReminderGroupManager.swift */,
				008 /* AppWhitelistManager.swift */,
				010 /* EnhancedScreenTimeTracker.swift */,
				012 /* NotificationManager.swift */,
				014 /* iCloudSyncManager.swift */,
				016 /* ScreenTimeTracker.swift */,
			);
			path = Models;
			sourceTree = "<group>";
		};
		106 /* Views */ = {
			isa = PBXGroup;
			children = (
				018 /* MainTabView.swift */,
				020 /* CurrentReminderView.swift */,
				022 /* ReminderGroupsView.swift */,
				024 /* GroupEditView.swift */,
				026 /* EnhancedSettingsView.swift */,
				028 /* WhitelistManagerView.swift */,
				030 /* InAppAlertView.swift */,
				032 /* ContentView.swift */,
				034 /* SettingsView.swift */,
			);
			path = Views;
			sourceTree = "<group>";
		};
/* End PBXGroup section */

/* Begin PBXNativeTarget section */
		200 /* OrangeReminder */ = {
			isa = PBXNativeTarget;
			buildConfigurationList = 201 /* Build configuration list for PBXNativeTarget "OrangeReminder" */;
			buildPhases = (
				202 /* Sources */,
				050 /* Frameworks */,
				203 /* Resources */,
				204 /* Embed App Extensions */,
			);
			buildRules = (
			);
			dependencies = (
				205 /* PBXTargetDependency */,
			);
			name = OrangeReminder;
			productName = OrangeReminder;
			productReference = 001 /* OrangeReminder.app */;
			productType = "com.apple.product-type.application";
		};
		206 /* OrangeReminderWidget */ = {
			isa = PBXNativeTarget;
			buildConfigurationList = 207 /* Build configuration list for PBXNativeTarget "OrangeReminderWidget" */;
			buildPhases = (
				208 /* Sources */,
				051 /* Frameworks */,
				209 /* Resources */,
			);
			buildRules = (
			);
			dependencies = (
			);
			name = OrangeReminderWidget;
			productName = OrangeReminderWidget;
			productReference = 045 /* OrangeReminderWidget.appex */;
			productType = "com.apple.product-type.app-extension";
		};
/* End PBXNativeTarget section */

/* Begin PBXProject section */
		300 /* Project object */ = {
			isa = PBXProject;
			attributes = {
				BuildIndependentTargetsInParallel = 1;
				LastSwiftUpdateCheck = 1500;
				LastUpgradeCheck = 1500;
				TargetAttributes = {
					200 = {
						CreatedOnToolsVersion = 15.0;
					};
					206 = {
						CreatedOnToolsVersion = 15.0;
					};
				};
			};
			buildConfigurationList = 301 /* Build configuration list for PBXProject "OrangeReminder" */;
			compatibilityVersion = "Xcode 14.0";
			developmentRegion = zh-Hans;
			hasScannedForEncodings = 0;
			knownRegions = (
				en,
				Base,
				"zh-Hans",
			);
			mainGroup = 100;
			productRefGroup = 103 /* Products */;
			projectDirPath = "";
			projectRoot = "";
			targets = (
				200 /* OrangeReminder */,
				206 /* OrangeReminderWidget */,
			);
		};
/* End PBXProject section */

/* Begin PBXResourcesBuildPhase section */
		203 /* Resources */ = {
			isa = PBXResourcesBuildPhase;
			buildActionMask = 2147483647;
			files = (
				035 /* Assets.xcassets in Resources */,
			);
			runOnlyForDeploymentPostprocessing = 0;
		};
		209 /* Resources */ = {
			isa = PBXResourcesBuildPhase;
			buildActionMask = 2147483647;
			files = (
			);
			runOnlyForDeploymentPostprocessing = 0;
		};
/* End PBXResourcesBuildPhase section */

/* Begin PBXSourcesBuildPhase section */
		202 /* Sources */ = {
			isa = PBXSourcesBuildPhase;
			buildActionMask = 2147483647;
			files = (
				001 /* OrangeReminderApp.swift in Sources */,
				003 /* ReminderGroup.swift in Sources */,
				005 /* ReminderGroupManager.swift in Sources */,
				007 /* AppWhitelistManager.swift in Sources */,
				009 /* EnhancedScreenTimeTracker.swift in Sources */,
				011 /* NotificationManager.swift in Sources */,
				013 /* iCloudSyncManager.swift in Sources */,
				015 /* ScreenTimeTracker.swift in Sources */,
				017 /* MainTabView.swift in Sources */,
				019 /* CurrentReminderView.swift in Sources */,
				021 /* ReminderGroupsView.swift in Sources */,
				023 /* GroupEditView.swift in Sources */,
				025 /* EnhancedSettingsView.swift in Sources */,
				027 /* WhitelistManagerView.swift in Sources */,
				029 /* InAppAlertView.swift in Sources */,
				031 /* ContentView.swift in Sources */,
				033 /* SettingsView.swift in Sources */,
			);
			runOnlyForDeploymentPostprocessing = 0;
		};
		208 /* Sources */ = {
			isa = PBXSourcesBuildPhase;
			buildActionMask = 2147483647;
			files = (
				037 /* OrangeReminderWidget.swift in Sources */,
			);
			runOnlyForDeploymentPostprocessing = 0;
		};
/* End PBXSourcesBuildPhase section */

/* Begin PBXTargetDependency section */
		205 /* PBXTargetDependency */ = {
			isa = PBXTargetDependency;
			target = 206 /* OrangeReminderWidget */;
			targetProxy = 210 /* PBXContainerItemProxy */;
		};
/* End PBXTargetDependency section */

/* Begin PBXContainerItemProxy section */
		210 /* PBXContainerItemProxy */ = {
			isa = PBXContainerItemProxy;
			containerPortal = 300 /* Project object */;
			proxyType = 1;
			remoteGlobalIDString = 206;
			remoteInfo = OrangeReminderWidget;
		};
/* End PBXContainerItemProxy section */

/* Begin XCBuildConfiguration section */
		400 /* Debug */ = {
			isa = XCBuildConfiguration;
			buildSettings = {
				ALWAYS_SEARCH_USER_PATHS = NO;
				ASSETCATALOG_COMPILER_GENERATE_SWIFT_ASSET_SYMBOL_EXTENSIONS = YES;
				CLANG_ANALYZER_NONNULL = YES;
				CLANG_ANALYZER_NUMBER_OBJECT_CONVERSION = YES_AGGRESSIVE;
				CLANG_CXX_LANGUAGE_STANDARD = "gnu++20";
				CLANG_ENABLE_MODULES = YES;
				CLANG_ENABLE_OBJC_ARC = YES;
				CLANG_ENABLE_OBJC_WEAK = YES;
				CLANG_WARN_BLOCK_CAPTURE_AUTORELEASING = YES;
				CLANG_WARN_BOOL_CONVERSION = YES;
				CLANG_WARN_COMMA = YES;
				CLANG_WARN_CONSTANT_CONVERSION = YES;
				CLANG_WARN_DEPRECATED_OBJC_IMPLEMENTATIONS = YES;
				CLANG_WARN_DIRECT_OBJC_ISA_USAGE = YES_ERROR;
				CLANG_WARN_DOCUMENTATION_COMMENTS = YES;
				CLANG_WARN_EMPTY_BODY = YES;
				CLANG_WARN_ENUM_CONVERSION = YES;
				CLANG_WARN_INFINITE_RECURSION = YES;
				CLANG_WARN_INT_CONVERSION = YES;
				CLANG_WARN_NON_LITERAL_NULL_CONVERSION = YES;
				CLANG_WARN_OBJC_IMPLICIT_RETAIN_SELF = YES;
				CLANG_WARN_OBJC_LITERAL_CONVERSION = YES;
				CLANG_WARN_OBJC_ROOT_CLASS = YES_ERROR;
				CLANG_WARN_QUOTED_INCLUDE_IN_FRAMEWORK_HEADER = YES;
				CLANG_WARN_RANGE_LOOP_ANALYSIS = YES;
				CLANG_WARN_STRICT_PROTOTYPES = YES;
				CLANG_WARN_SUSPICIOUS_MOVE = YES;
				CLANG_WARN_UNGUARDED_AVAILABILITY = YES_AGGRESSIVE;
				CLANG_WARN_UNREACHABLE_CODE = YES;
				CLANG_WARN__DUPLICATE_METHOD_MATCH = YES;
				COPY_PHASE_STRIP = NO;
				DEBUG_INFORMATION_FORMAT = dwarf;
				ENABLE_STRICT_OBJC_MSGSEND = YES;
				ENABLE_TESTABILITY = YES;
				ENABLE_USER_SCRIPT_SANDBOXING = YES;
				GCC_C_LANGUAGE_STANDARD = gnu17;
				GCC_DYNAMIC_NO_PIC = NO;
				GCC_NO_COMMON_BLOCKS = YES;
				GCC_OPTIMIZATION_LEVEL = 0;
				GCC_PREPROCESSOR_DEFINITIONS = (
					"DEBUG=1",
					"$(inherited)",
				);
				GCC_WARN_64_TO_32_BIT_CONVERSION = YES;
				GCC_WARN_ABOUT_RETURN_TYPE = YES_ERROR;
				GCC_WARN_UNDECLARED_SELECTOR = YES;
				GCC_WARN_UNINITIALIZED_AUTOS = YES_AGGRESSIVE;
				GCC_WARN_UNUSED_FUNCTION = YES;
				GCC_WARN_UNUSED_VARIABLE = YES;
				IPHONEOS_DEPLOYMENT_TARGET = 15.0;
				LOCALIZATION_PREFERS_STRING_CATALOGS = YES;
				MTL_ENABLE_DEBUG_INFO = INCLUDE_SOURCE;
				MTL_FAST_MATH = YES;
				ONLY_ACTIVE_ARCH = YES;
				SDKROOT = iphoneos;
				SWIFT_ACTIVE_COMPILATION_CONDITIONS = "DEBUG $(inherited)";
				SWIFT_OPTIMIZATION_LEVEL = "-Onone";
			};
			name = Debug;
		};
		401 /* Release */ = {
			isa = XCBuildConfiguration;
			buildSettings = {
				ALWAYS_SEARCH_USER_PATHS = NO;
				ASSETCATALOG_COMPILER_GENERATE_SWIFT_ASSET_SYMBOL_EXTENSIONS = YES;
				CLANG_ANALYZER_NONNULL = YES;
				CLANG_ANALYZER_NUMBER_OBJECT_CONVERSION = YES_AGGRESSIVE;
				CLANG_CXX_LANGUAGE_STANDARD = "gnu++20";
				CLANG_ENABLE_MODULES = YES;
				CLANG_ENABLE_OBJC_ARC = YES;
				CLANG_ENABLE_OBJC_WEAK = YES;
				CLANG_WARN_BLOCK_CAPTURE_AUTORELEASING = YES;
				CLANG_WARN_BOOL_CONVERSION = YES;
				CLANG_WARN_COMMA = YES;
				CLANG_WARN_CONSTANT_CONVERSION = YES;
				CLANG_WARN_DEPRECATED_OBJC_IMPLEMENTATIONS = YES;
				CLANG_WARN_DIRECT_OBJC_ISA_USAGE = YES_ERROR;
				CLANG_WARN_DOCUMENTATION_COMMENTS = YES;
				CLANG_WARN_EMPTY_BODY = YES;
				CLANG_WARN_ENUM_CONVERSION = YES;
				CLANG_WARN_INFINITE_RECURSION = YES;
				CLANG_WARN_INT_CONVERSION = YES;
				CLANG_WARN_NON_LITERAL_NULL_CONVERSION = YES;
				CLANG_WARN_OBJC_IMPLICIT_RETAIN_SELF = YES;
				CLANG_WARN_OBJC_LITERAL_CONVERSION = YES;
				CLANG_WARN_OBJC_ROOT_CLASS = YES_ERROR;
				CLANG_WARN_QUOTED_INCLUDE_IN_FRAMEWORK_HEADER = YES;
				CLANG_WARN_RANGE_LOOP_ANALYSIS = YES;
				CLANG_WARN_STRICT_PROTOTYPES = YES;
				CLANG_WARN_SUSPICIOUS_MOVE = YES;
				CLANG_WARN_UNGUARDED_AVAILABILITY = YES_AGGRESSIVE;
				CLANG_WARN_UNREACHABLE_CODE = YES;
				CLANG_WARN__DUPLICATE_METHOD_MATCH = YES;
				COPY_PHASE_STRIP = NO;
				DEBUG_INFORMATION_FORMAT = "dwarf-with-dsym";
				ENABLE_NS_ASSERTIONS = NO;
				ENABLE_STRICT_OBJC_MSGSEND = YES;
				ENABLE_USER_SCRIPT_SANDBOXING = YES;
				GCC_C_LANGUAGE_STANDARD = gnu17;
				GCC_NO_COMMON_BLOCKS = YES;
				GCC_WARN_64_TO_32_BIT_CONVERSION = YES;
				GCC_WARN_ABOUT_RETURN_TYPE = YES_ERROR;
				GCC_WARN_UNDECLARED_SELECTOR = YES;
				GCC_WARN_UNINITIALIZED_AUTOS = YES_AGGRESSIVE;
				GCC_WARN_UNUSED_FUNCTION = YES;
				GCC_WARN_UNUSED_VARIABLE = YES;
				IPHONEOS_DEPLOYMENT_TARGET = 15.0;
				LOCALIZATION_PREFERS_STRING_CATALOGS = YES;
				MTL_ENABLE_DEBUG_INFO = NO;
				MTL_FAST_MATH = YES;
				SDKROOT = iphoneos;
				SWIFT_COMPILATION_MODE = wholemodule;
				VALIDATE_PRODUCT = YES;
			};
			name = Release;
		};
		402 /* Debug */ = {
			isa = XCBuildConfiguration;
			buildSettings = {
				ASSETCATALOG_COMPILER_APPICON_NAME = AppIcon;
				ASSETCATALOG_COMPILER_GLOBAL_ACCENT_COLOR_NAME = AccentColor;
				CODE_SIGN_ENTITLEMENTS = OrangeReminder.entitlements;
				CODE_SIGN_STYLE = Automatic;
				CURRENT_PROJECT_VERSION = 1;
				DEVELOPMENT_TEAM = "";
				ENABLE_PREVIEWS = YES;
				GENERATE_INFOPLIST_FILE = YES;
				INFOPLIST_FILE = Info.plist;
				INFOPLIST_KEY_CFBundleDisplayName = "橙子提醒";
				INFOPLIST_KEY_UIApplicationSceneManifest_Generation = YES;
				INFOPLIST_KEY_UIApplicationSupportsIndirectInputEvents = YES;
				INFOPLIST_KEY_UILaunchScreen_Generation = YES;
				INFOPLIST_KEY_UISupportedInterfaceOrientations = "UIInterfaceOrientationPortrait UIInterfaceOrientationLandscapeLeft UIInterfaceOrientationLandscapeRight";
				INFOPLIST_KEY_UISupportedInterfaceOrientations_iPad = "UIInterfaceOrientationPortrait UIInterfaceOrientationPortraitUpsideDown UIInterfaceOrientationLandscapeLeft UIInterfaceOrientationLandscapeRight";
				IPHONEOS_DEPLOYMENT_TARGET = 15.0;
				LD_RUNPATH_SEARCH_PATHS = (
					"$(inherited)",
					"@executable_path/Frameworks",
				);
				MARKETING_VERSION = 2.0.0;
				PRODUCT_BUNDLE_IDENTIFIER = com.orangereminder.app;
				PRODUCT_NAME = "$(TARGET_NAME)";
				SWIFT_EMIT_LOC_STRINGS = YES;
				SWIFT_VERSION = 5.0;
				TARGETED_DEVICE_FAMILY = "1,2";
			};
			name = Debug;
		};
		403 /* Release */ = {
			isa = XCBuildConfiguration;
			buildSettings = {
				ASSETCATALOG_COMPILER_APPICON_NAME = AppIcon;
				ASSETCATALOG_COMPILER_GLOBAL_ACCENT_COLOR_NAME = AccentColor;
				CODE_SIGN_ENTITLEMENTS = OrangeReminder.entitlements;
				CODE_SIGN_STYLE = Automatic;
				CURRENT_PROJECT_VERSION = 1;
				DEVELOPMENT_TEAM = "";
				ENABLE_PREVIEWS = YES;
				GENERATE_INFOPLIST_FILE = YES;
				INFOPLIST_FILE = Info.plist;
				INFOPLIST_KEY_CFBundleDisplayName = "橙子提醒";
				INFOPLIST_KEY_UIApplicationSceneManifest_Generation = YES;
				INFOPLIST_KEY_UIApplicationSupportsIndirectInputEvents = YES;
				INFOPLIST_KEY_UILaunchScreen_Generation = YES;
				INFOPLIST_KEY_UISupportedInterfaceOrientations = "UIInterfaceOrientationPortrait UIInterfaceOrientationLandscapeLeft UIInterfaceOrientationLandscapeRight";
				INFOPLIST_KEY_UISupportedInterfaceOrientations_iPad = "UIInterfaceOrientationPortrait UIInterfaceOrientationPortraitUpsideDown UIInterfaceOrientationLandscapeLeft UIInterfaceOrientationLandscapeRight";
				IPHONEOS_DEPLOYMENT_TARGET = 15.0;
				LD_RUNPATH_SEARCH_PATHS = (
					"$(inherited)",
					"@executable_path/Frameworks",
				);
				MARKETING_VERSION = 2.0.0;
				PRODUCT_BUNDLE_IDENTIFIER = com.orangereminder.app;
				PRODUCT_NAME = "$(TARGET_NAME)";
				SWIFT_EMIT_LOC_STRINGS = YES;
				SWIFT_VERSION = 5.0;
				TARGETED_DEVICE_FAMILY = "1,2";
			};
			name = Release;
		};
		404 /* Debug */ = {
			isa = XCBuildConfiguration;
			buildSettings = {
				ASSETCATALOG_COMPILER_GLOBAL_ACCENT_COLOR_NAME = AccentColor;
				ASSETCATALOG_COMPILER_WIDGET_BACKGROUND_COLOR_NAME = WidgetBackground;
				CODE_SIGN_ENTITLEMENTS = WidgetExtension.entitlements;
				CODE_SIGN_STYLE = Automatic;
				CURRENT_PROJECT_VERSION = 1;
				DEVELOPMENT_TEAM = "";
				GENERATE_INFOPLIST_FILE = YES;
				INFOPLIST_FILE = Widget/Info.plist;
				INFOPLIST_KEY_CFBundleDisplayName = OrangeReminderWidget;
				INFOPLIST_KEY_NSHumanReadableCopyright = "";
				IPHONEOS_DEPLOYMENT_TARGET = 15.0;
				LD_RUNPATH_SEARCH_PATHS = (
					"$(inherited)",
					"@executable_path/Frameworks",
					"@executable_path/../../Frameworks",
				);
				MARKETING_VERSION = 2.0.0;
				PRODUCT_BUNDLE_IDENTIFIER = com.orangereminder.app.widget;
				PRODUCT_NAME = "$(TARGET_NAME)";
				SKIP_INSTALL = YES;
				SWIFT_EMIT_LOC_STRINGS = YES;
				SWIFT_VERSION = 5.0;
				TARGETED_DEVICE_FAMILY = "1,2";
			};
			name = Debug;
		};
		405 /* Release */ = {
			isa = XCBuildConfiguration;
			buildSettings = {
				ASSETCATALOG_COMPILER_GLOBAL_ACCENT_COLOR_NAME = AccentColor;
				ASSETCATALOG_COMPILER_WIDGET_BACKGROUND_COLOR_NAME = WidgetBackground;
				CODE_SIGN_ENTITLEMENTS = WidgetExtension.entitlements;
				CODE_SIGN_STYLE = Automatic;
				CURRENT_PROJECT_VERSION = 1;
				DEVELOPMENT_TEAM = "";
				GENERATE_INFOPLIST_FILE = YES;
				INFOPLIST_FILE = Widget/Info.plist;
				INFOPLIST_KEY_CFBundleDisplayName = OrangeReminderWidget;
				INFOPLIST_KEY_NSHumanReadableCopyright = "";
				IPHONEOS_DEPLOYMENT_TARGET = 15.0;
				LD_RUNPATH_SEARCH_PATHS = (
					"$(inherited)",
					"@executable_path/Frameworks",
					"@executable_path/../../Frameworks",
				);
				MARKETING_VERSION = 2.0.0;
				PRODUCT_BUNDLE_IDENTIFIER = com.orangereminder.app.widget;
				PRODUCT_NAME = "$(TARGET_NAME)";
				SKIP_INSTALL = YES;
				SWIFT_EMIT_LOC_STRINGS = YES;
				SWIFT_VERSION = 5.0;
				TARGETED_DEVICE_FAMILY = "1,2";
			};
			name = Release;
		};
/* End XCBuildConfiguration section */

/* Begin XCConfigurationList section */
		201 /* Build configuration list for PBXNativeTarget "OrangeReminder" */ = {
			isa = XCConfigurationList;
			buildConfigurations = (
				402 /* Debug */,
				403 /* Release */,
			);
			defaultConfigurationIsVisible = 0;
			defaultConfigurationName = Release;
		};
		207 /* Build configuration list for PBXNativeTarget "OrangeReminderWidget" */ = {
			isa = XCConfigurationList;
			buildConfigurations = (
				404 /* Debug */,
				405 /* Release */,
			);
			defaultConfigurationIsVisible = 0;
			defaultConfigurationName = Release;
		};
		301 /* Build configuration list for PBXProject "OrangeReminder" */ = {
			isa = XCConfigurationList;
			buildConfigurations = (
				400 /* Debug */,
				401 /* Release */,
			);
			defaultConfigurationIsVisible = 0;
			defaultConfigurationName = Release;
		};
/* End XCConfigurationList section */

/* Begin PBXCopyFilesBuildPhase section */
		204 /* Embed App Extensions */ = {
			isa = PBXCopyFilesBuildPhase;
			buildActionMask = 2147483647;
			dstPath = "";
			dstSubfolderSpec = 13;
			files = (
			);
			name = "Embed App Extensions";
			runOnlyForDeploymentPostprocessing = 0;
		};
/* End PBXCopyFilesBuildPhase section */

	};
	rootObject = 300 /* Project object */;
}
